{
	"name": "@chipzhang/tsconfig",
	"version": "0.1.5",
	"lockfileVersion": 1,
	"requires": true,
	"dependencies": {
		"@chipzhang/prettier-config": {
			"version": "0.1.2",
			"resolved": "https://registry.npmjs.org/@chipzhang/prettier-config/-/prettier-config-0.1.2.tgz",
			"integrity": "sha512-aFcXnLN1ZE8lwHXk+z4ajNPw7AAf67CehajebhkZx/lttkKMaaEz2OU4ZKa/qfbWCAsCi9HfFB1kO75eNQfq3w==",
			"dev": true
		},
		"prettier": {
			"version": "2.3.0",
			"resolved": "https://registry.npmjs.org/prettier/-/prettier-2.3.0.tgz",
			"integrity": "sha512-kXtO4s0Lz/DW/IJ9QdWhAf7/NmPWQXkFr/r/WkR3vyI+0v8amTDxiaQSLzs8NBlytfLWX/7uQUMIW677yLKl4w==",
			"dev": true
		},
		"typescript": {
			"version": "4.2.4",
			"resolved": "https://registry.npmjs.org/typescript/-/typescript-4.2.4.tgz",
			"integrity": "sha512-V+evlYHZnQkaz8TRBuxTA92yZBPotr5H+WhQ7bD3hZUndx5tGOa1fuCgeSjxAzM1RiN5IzvadIXTVefuuwZCRg==",
			"dev": true
		}
	}
}
